
Microsoft Visual Studio Solution File, Format Version 12.00
# Visual Studio Version 16
VisualStudioVersion = 16.0.30413.136
MinimumVisualStudioVersion = 10.0.40219.1
Project("{FAE04EC0-301F-11D3-BF4B-00C04F79EFBC}") = "Aula9", "Aula9.csproj", "{696541D4-D3EB-4B20-8967-E52B79E41A4C}"
EndProject
Global
	GlobalSection(SolutionConfigurationPlatforms) = preSolution
		Debug|Any CPU = Debug|Any CPU
		Release|Any CPU = Release|Any CPU
	EndGlobalSection
	GlobalSection(ProjectConfigurationPlatforms) = postSolution
		{696541D4-D3EB-4B20-8967-E52B79E41A4C}.Debug|Any CPU.ActiveCfg = Debug|Any CPU
		{696541D4-D3EB-4B20-8967-E52B79E41A4C}.Debug|Any CPU.Build.0 = Debug|Any CPU
		{696541D4-D3EB-4B20-8967-E52B79E41A4C}.Release|Any CPU.ActiveCfg = Release|Any CPU
		{696541D4-D3EB-4B20-8967-E52B79E41A4C}.Release|Any CPU.Build.0 = Release|Any CPU
	EndGlobalSection
	GlobalSection(SolutionProperties) = preSolution
		HideSolutionNode = FALSE
	EndGlobalSection
	GlobalSection(ExtensibilityGlobals) = postSolution
		SolutionGuid = {6D028783-32AB-4AEC-AB47-F3A346DB569D}
	EndGlobalSection
EndGlobal
